{
  "lockfile_version": "1",
  "packages": {
    "gcc13Stdenv.cc.cc.lib": {
      "resolved": "github:NixOS/nixpkgs/75a52265bda7fd25e06e3a67dee3f0354e73243c#gcc13Stdenv.cc.cc.lib",
      "source": "nixpkg"
    },
    "gcc@13": {
      "last_modified": "2024-12-03T12:40:06Z",
      "resolved": "github:NixOS/nixpkgs/566e53c2ad750c84f6d31f9ccb9d00f823165550#gcc",
      "source": "devbox-search",
      "version": "13.3.0",
      "systems": {
        "aarch64-darwin": {
          "outputs": [
            {
              "name": "out",
              "path": "/nix/store/3hq83bgy41m9xpifm3hknjf96v75sg33-gcc-wrapper-13.3.0",
              "default": true
            },
            {
              "name": "man",
              "path": "/nix/store/ncrvhf5cml7cpi34ah1fvpablyk9j3jf-gcc-wrapper-13.3.0-man",
              "default": true
            },
            {
              "name": "info",
              "path": "/nix/store/95lwddr3xhz110pyjkg9i7zczbi32bjb-gcc-wrapper-13.3.0-info"
            }
          ],
          "store_path": "/nix/store/3hq83bgy41m9xpifm3hknjf96v75sg33-gcc-wrapper-13.3.0"
        },
        "aarch64-linux": {
          "outputs": [
            {
              "name": "out",
              "path": "/nix/store/ay4xxbjafns12mn2ilhz4y7d3m3ziwqg-gcc-wrapper-13.3.0",
              "default": true
            },
            {
              "name": "man",
              "path": "/nix/store/5y6fmjxpv2xc7zhvn02w4ikg1n1rgm0d-gcc-wrapper-13.3.0-man",
              "default": true
            },
            {
              "name": "info",
              "path": "/nix/store/b0b2h9n97bpwrdxnazh70nlv0knlpd7s-gcc-wrapper-13.3.0-info"
            }
          ],
          "store_path": "/nix/store/ay4xxbjafns12mn2ilhz4y7d3m3ziwqg-gcc-wrapper-13.3.0"
        },
        "x86_64-darwin": {
          "outputs": [
            {
              "name": "out",
              "path": "/nix/store/hjrymxy8p9fkcqzdi4qd6qcvy9fdkcn1-gcc-wrapper-13.3.0",
              "default": true
            },
            {
              "name": "man",
              "path": "/nix/store/156gcfrrmschaslcc4vbblmg86wcv1wb-gcc-wrapper-13.3.0-man",
              "default": true
            },
            {
              "name": "info",
              "path": "/nix/store/9msszmhia74i4x5bcz8w5pnqnyj0r563-gcc-wrapper-13.3.0-info"
            }
          ],
          "store_path": "/nix/store/hjrymxy8p9fkcqzdi4qd6qcvy9fdkcn1-gcc-wrapper-13.3.0"
        },
        "x86_64-linux": {
          "outputs": [
            {
              "name": "out",
              "path": "/nix/store/4apajimszc47rxwcpvc3g3rj2icinl71-gcc-wrapper-13.3.0",
              "default": true
            },
            {
              "name": "man",
              "path": "/nix/store/g6dl0niwffyhk1l59r4zxv94fklx7ijg-gcc-wrapper-13.3.0-man",
              "default": true
            },
            {
              "name": "info",
              "path": "/nix/store/nhjmrmkzyqsff9maxrl0pskqbizpqikz-gcc-wrapper-13.3.0-info"
            }
          ],
          "store_path": "/nix/store/4apajimszc47rxwcpvc3g3rj2icinl71-gcc-wrapper-13.3.0"
        }
      }
    },
    "geos@latest": {
      "last_modified": "2025-01-19T08:16:51Z",
      "resolved": "github:NixOS/nixpkgs/50165c4f7eb48ce82bd063e1fb8047a0f515f8ce#geos",
      "source": "devbox-search",
      "version": "3.13.0",
      "systems": {
        "aarch64-darwin": {
          "outputs": [
            {
              "name": "out",
              "path": "/nix/store/qcw0ims5whxv6kbwa79qwj3jqf0lndm2-geos-3.13.0",
              "default": true
            }
          ],
          "store_path": "/nix/store/qcw0ims5whxv6kbwa79qwj3jqf0lndm2-geos-3.13.0"
        },
        "aarch64-linux": {
          "outputs": [
            {
              "name": "out",
              "path": "/nix/store/5c9q7n1dhpy3m0nz4msv85kpz31275bm-geos-3.13.0",
              "default": true
            }
          ],
          "store_path": "/nix/store/5c9q7n1dhpy3m0nz4msv85kpz31275bm-geos-3.13.0"
        },
        "x86_64-darwin": {
          "outputs": [
            {
              "name": "out",
              "path": "/nix/store/yw5hzgq3lfwi3xihsg82lgf1ldl1l4pr-geos-3.13.0",
              "default": true
            }
          ],
          "store_path": "/nix/store/yw5hzgq3lfwi3xihsg82lgf1ldl1l4pr-geos-3.13.0"
        },
        "x86_64-linux": {
          "outputs": [
            {
              "name": "out",
              "path": "/nix/store/acqb619v0a4jhcwimhf861gzq46d2z6g-geos-3.13.0",
              "default": true
            }
          ],
          "store_path": "/nix/store/acqb619v0a4jhcwimhf861gzq46d2z6g-geos-3.13.0"
        }
      }
    }
  }
}
